
Microsoft Visual Studio Solution File, Format Version 12.00
# Visual Studio Version 17
VisualStudioVersion = 17.8.34330.188
MinimumVisualStudioVersion = 10.0.40219.1
Project("{FAE04EC0-301F-11D3-BF4B-00C04F79EFBC}") = "VersoAI.Server", "VersoAI.Server\VersoAI.Server.csproj", "{EB344052-8B2A-49B9-920E-4A0DB44860C8}"
EndProject
Project("{54A90642-561A-4BB1-A94E-469ADEE60C69}") = "versoai.client", "versoai.client\versoai.client.esproj", "{3DC04087-9BF7-461E-B944-E14319A35350}"
EndProject
Global
	GlobalSection(SolutionConfigurationPlatforms) = preSolution
		Debug|Any CPU = Debug|Any CPU
		Release|Any CPU = Release|Any CPU
	EndGlobalSection
	GlobalSection(ProjectConfigurationPlatforms) = postSolution
		{EB344052-8B2A-49B9-920E-4A0DB44860C8}.Debug|Any CPU.ActiveCfg = Debug|Any CPU
		{EB344052-8B2A-49B9-920E-4A0DB44860C8}.Debug|Any CPU.Build.0 = Debug|Any CPU
		{EB344052-8B2A-49B9-920E-4A0DB44860C8}.Release|Any CPU.ActiveCfg = Release|Any CPU
		{EB344052-8B2A-49B9-920E-4A0DB44860C8}.Release|Any CPU.Build.0 = Release|Any CPU
		{3DC04087-9BF7-461E-B944-E14319A35350}.Debug|Any CPU.ActiveCfg = Debug|Any CPU
		{3DC04087-9BF7-461E-B944-E14319A35350}.Debug|Any CPU.Build.0 = Debug|Any CPU
		{3DC04087-9BF7-461E-B944-E14319A35350}.Debug|Any CPU.Deploy.0 = Debug|Any CPU
		{3DC04087-9BF7-461E-B944-E14319A35350}.Release|Any CPU.ActiveCfg = Release|Any CPU
		{3DC04087-9BF7-461E-B944-E14319A35350}.Release|Any CPU.Build.0 = Release|Any CPU
		{3DC04087-9BF7-461E-B944-E14319A35350}.Release|Any CPU.Deploy.0 = Release|Any CPU
	EndGlobalSection
	GlobalSection(SolutionProperties) = preSolution
		HideSolutionNode = FALSE
	EndGlobalSection
	GlobalSection(ExtensibilityGlobals) = postSolution
		SolutionGuid = {CCC62EEB-AC8C-4C10-8E5D-0D9564DD7282}
	EndGlobalSection
EndGlobal
